
Microsoft Visual Studio Solution File, Format Version 12.00
# Visual Studio Version 16
VisualStudioVersion = 16.0.31515.178
MinimumVisualStudioVersion = 10.0.40219.1
Project("{FAE04EC0-301F-11D3-BF4B-00C04F79EFBC}") = "StreamDeckDocker", "StreamDeckDocker\StreamDeckDocker.csproj", "{A1F52083-8A49-446E-904E-D69E969519EF}"
EndProject
Global
	GlobalSection(SolutionConfigurationPlatforms) = preSolution
		Debug|Any CPU = Debug|Any CPU
		Release|Any CPU = Release|Any CPU
	EndGlobalSection
	GlobalSection(ProjectConfigurationPlatforms) = postSolution
		{A1F52083-8A49-446E-904E-D69E969519EF}.Debug|Any CPU.ActiveCfg = Debug|Any CPU
		{A1F52083-8A49-446E-904E-D69E969519EF}.Debug|Any CPU.Build.0 = Debug|Any CPU
		{A1F52083-8A49-446E-904E-D69E969519EF}.Release|Any CPU.ActiveCfg = Release|Any CPU
		{A1F52083-8A49-446E-904E-D69E969519EF}.Release|Any CPU.Build.0 = Release|Any CPU
	EndGlobalSection
	GlobalSection(SolutionProperties) = preSolution
		HideSolutionNode = FALSE
	EndGlobalSection
	GlobalSection(ExtensibilityGlobals) = postSolution
		SolutionGuid = {8061B4A8-1611-444B-9E93-EE345D93ED34}
	EndGlobalSection
EndGlobal
